
Microsoft Visual Studio Solution File, Format Version 12.00
# Visual Studio Version 16
VisualStudioVersion = 16.0.32126.315
MinimumVisualStudioVersion = 10.0.40219.1
Project("{9A19103F-16F7-4668-BE54-9A1E7A4F7556}") = "Isolated", "Isolated.csproj", "{B4C2D327-B228-468A-9947-57AEC381B12D}"
EndProject
Global
	GlobalSection(SolutionConfigurationPlatforms) = preSolution
		Debug|Any CPU = Debug|Any CPU
		Release|Any CPU = Release|Any CPU
	EndGlobalSection
	GlobalSection(ProjectConfigurationPlatforms) = postSolution
		{B4C2D327-B228-468A-9947-57AEC381B12D}.Debug|Any CPU.ActiveCfg = Debug|Any CPU
		{B4C2D327-B228-468A-9947-57AEC381B12D}.Debug|Any CPU.Build.0 = Debug|Any CPU
		{B4C2D327-B228-468A-9947-57AEC381B12D}.Release|Any CPU.ActiveCfg = Release|Any CPU
		{B4C2D327-B228-468A-9947-57AEC381B12D}.Release|Any CPU.Build.0 = Release|Any CPU
	EndGlobalSection
	GlobalSection(SolutionProperties) = preSolution
		HideSolutionNode = FALSE
	EndGlobalSection
	GlobalSection(ExtensibilityGlobals) = postSolution
		SolutionGuid = {D2FEB588-EC38-441E-B8C6-9A44B297C981}
	EndGlobalSection
EndGlobal
